
Microsoft Visual Studio Solution File, Format Version 12.00
# Visual Studio Version 17
VisualStudioVersion = 17.13.35806.99
MinimumVisualStudioVersion = 10.0.40219.1
Project("{FAE04EC0-301F-11D3-BF4B-00C04F79EFBC}") = "Ping9719.IoT", "Ping9719.IoT\Ping9719.IoT.csproj", "{4E6D2B30-3EC8-40D7-81E5-994D56759D8D}"
EndProject
Project("{FAE04EC0-301F-11D3-BF4B-00C04F79EFBC}") = "ConsoleTest", "ConsoleTest\ConsoleTest.csproj", "{48A118DD-D872-4811-8EAE-0EFBEE83DB44}"
EndProject
Project("{FAE04EC0-301F-11D3-BF4B-00C04F79EFBC}") = "Ping9719.IoT.WPF", "Ping9719.IoT.WPF\Ping9719.IoT.WPF.csproj", "{F5ADBF33-3938-4C9D-AFEF-FA3AC9C7E24F}"
EndProject
Global
	GlobalSection(SolutionConfigurationPlatforms) = preSolution
		Debug|Any CPU = Debug|Any CPU
		Release|Any CPU = Release|Any CPU
	EndGlobalSection
	GlobalSection(ProjectConfigurationPlatforms) = postSolution
		{4E6D2B30-3EC8-40D7-81E5-994D56759D8D}.Debug|Any CPU.ActiveCfg = Debug|Any CPU
		{4E6D2B30-3EC8-40D7-81E5-994D56759D8D}.Debug|Any CPU.Build.0 = Debug|Any CPU
		{4E6D2B30-3EC8-40D7-81E5-994D56759D8D}.Release|Any CPU.ActiveCfg = Release|Any CPU
		{4E6D2B30-3EC8-40D7-81E5-994D56759D8D}.Release|Any CPU.Build.0 = Release|Any CPU
		{48A118DD-D872-4811-8EAE-0EFBEE83DB44}.Debug|Any CPU.ActiveCfg = Debug|Any CPU
		{48A118DD-D872-4811-8EAE-0EFBEE83DB44}.Debug|Any CPU.Build.0 = Debug|Any CPU
		{48A118DD-D872-4811-8EAE-0EFBEE83DB44}.Release|Any CPU.ActiveCfg = Release|Any CPU
		{48A118DD-D872-4811-8EAE-0EFBEE83DB44}.Release|Any CPU.Build.0 = Release|Any CPU
		{F5ADBF33-3938-4C9D-AFEF-FA3AC9C7E24F}.Debug|Any CPU.ActiveCfg = Debug|Any CPU
		{F5ADBF33-3938-4C9D-AFEF-FA3AC9C7E24F}.Debug|Any CPU.Build.0 = Debug|Any CPU
		{F5ADBF33-3938-4C9D-AFEF-FA3AC9C7E24F}.Release|Any CPU.ActiveCfg = Release|Any CPU
		{F5ADBF33-3938-4C9D-AFEF-FA3AC9C7E24F}.Release|Any CPU.Build.0 = Release|Any CPU
	EndGlobalSection
	GlobalSection(SolutionProperties) = preSolution
		HideSolutionNode = FALSE
	EndGlobalSection
	GlobalSection(ExtensibilityGlobals) = postSolution
		SolutionGuid = {255FB4CB-AF9B-4D1D-B5FC-B9C55DBC3ABC}
	EndGlobalSection
EndGlobal
